
Microsoft Visual Studio Solution File, Format Version 12.00
Project("{FAE04EC0-301F-11D3-BF4B-00C04F79EFBC}") = "MarketPulse.Api", "src\MarketPulse.Api\MarketPulse.Api.csproj", "{A67BE432-4176-44F4-9C59-107C0612726C}"
EndProject
Project("{FAE04EC0-301F-11D3-BF4B-00C04F79EFBC}") = "MarketPulse.Infrastructure", "src\MarketPulse.Infrastructure\MarketPulse.Infrastructure.csproj", "{405CAB67-9F89-42D2-9730-6C953E371073}"
EndProject
Project("{FAE04EC0-301F-11D3-BF4B-00C04F79EFBC}") = "MarketPulse.Application", "src\MarketPulse.Application\MarketPulse.Application.csproj", "{A763978E-04BF-47B9-A014-0588C7A7E76F}"
EndProject
Project("{FAE04EC0-301F-11D3-BF4B-00C04F79EFBC}") = "MarketPulse.Domain", "src\MarketPulse.Domain\MarketPulse.Domain.csproj", "{3B6C034E-C999-4CA9-A58C-1EE22E21CF69}"
EndProject
Project("{2150E333-8FDC-42A3-9474-1A3956D46DE8}") = "src", "src", "{9744A791-7AE6-4395-A7D3-7DAEE5670FBC}"
EndProject
Project("{2150E333-8FDC-42A3-9474-1A3956D46DE8}") = "test", "test", "{8836BB26-0432-47C9-9A8D-B23222316DDD}"
EndProject
Project("{FAE04EC0-301F-11D3-BF4B-00C04F79EFBC}") = "MarketPulse.UnitTests", "test\MarketPulse.UnitTests\MarketPulse.UnitTests.csproj", "{B79A1CF5-7435-4759-B5DF-B705EE21CCA8}"
EndProject
Project("{FAE04EC0-301F-11D3-BF4B-00C04F79EFBC}") = "MarketPulse.IntegrationTests", "test\MarketPulse.IntegrationTests\MarketPulse.IntegrationTests.csproj", "{9B1E0987-E50B-4757-9AD6-C9D2A1E2F0CE}"
EndProject
Project("{FAE04EC0-301F-11D3-BF4B-00C04F79EFBC}") = "MarketPulse.Worker", "src\MarketPulse.Worker\MarketPulse.Worker.csproj", "{A3A3BE93-64DA-4D63-A75A-C797901BF8BE}"
EndProject
Project("{2150E333-8FDC-42A3-9474-1A3956D46DE8}") = "Solution Items", "Solution Items", "{91980139-19A8-4570-924C-7ADA115AB751}"
	ProjectSection(SolutionItems) = preProject
		Directory.Packages.props = Directory.Packages.props
		README.md = README.md
	EndProjectSection
EndProject
Global
	GlobalSection(SolutionConfigurationPlatforms) = preSolution
		Debug|Any CPU = Debug|Any CPU
		Debug|x64 = Debug|x64
		Debug|x86 = Debug|x86
		Release|Any CPU = Release|Any CPU
		Release|x64 = Release|x64
		Release|x86 = Release|x86
	EndGlobalSection
	GlobalSection(ProjectConfigurationPlatforms) = postSolution
		{A67BE432-4176-44F4-9C59-107C0612726C}.Debug|Any CPU.ActiveCfg = Debug|Any CPU
		{A67BE432-4176-44F4-9C59-107C0612726C}.Debug|Any CPU.Build.0 = Debug|Any CPU
		{A67BE432-4176-44F4-9C59-107C0612726C}.Debug|x64.ActiveCfg = Debug|Any CPU
		{A67BE432-4176-44F4-9C59-107C0612726C}.Debug|x64.Build.0 = Debug|Any CPU
		{A67BE432-4176-44F4-9C59-107C0612726C}.Debug|x86.ActiveCfg = Debug|Any CPU
		{A67BE432-4176-44F4-9C59-107C0612726C}.Debug|x86.Build.0 = Debug|Any CPU
		{A67BE432-4176-44F4-9C59-107C0612726C}.Release|Any CPU.ActiveCfg = Release|Any CPU
		{A67BE432-4176-44F4-9C59-107C0612726C}.Release|Any CPU.Build.0 = Release|Any CPU
		{A67BE432-4176-44F4-9C59-107C0612726C}.Release|x64.ActiveCfg = Release|Any CPU
		{A67BE432-4176-44F4-9C59-107C0612726C}.Release|x64.Build.0 = Release|Any CPU
		{A67BE432-4176-44F4-9C59-107C0612726C}.Release|x86.ActiveCfg = Release|Any CPU
		{A67BE432-4176-44F4-9C59-107C0612726C}.Release|x86.Build.0 = Release|Any CPU
		{405CAB67-9F89-42D2-9730-6C953E371073}.Debug|Any CPU.ActiveCfg = Debug|Any CPU
		{405CAB67-9F89-42D2-9730-6C953E371073}.Debug|Any CPU.Build.0 = Debug|Any CPU
		{405CAB67-9F89-42D2-9730-6C953E371073}.Debug|x64.ActiveCfg = Debug|Any CPU
		{405CAB67-9F89-42D2-9730-6C953E371073}.Debug|x64.Build.0 = Debug|Any CPU
		{405CAB67-9F89-42D2-9730-6C953E371073}.Debug|x86.ActiveCfg = Debug|Any CPU
		{405CAB67-9F89-42D2-9730-6C953E371073}.Debug|x86.Build.0 = Debug|Any CPU
		{405CAB67-9F89-42D2-9730-6C953E371073}.Release|Any CPU.ActiveCfg = Release|Any CPU
		{405CAB67-9F89-42D2-9730-6C953E371073}.Release|Any CPU.Build.0 = Release|Any CPU
		{405CAB67-9F89-42D2-9730-6C953E371073}.Release|x64.ActiveCfg = Release|Any CPU
		{405CAB67-9F89-42D2-9730-6C953E371073}.Release|x64.Build.0 = Release|Any CPU
		{405CAB67-9F89-42D2-9730-6C953E371073}.Release|x86.ActiveCfg = Release|Any CPU
		{405CAB67-9F89-42D2-9730-6C953E371073}.Release|x86.Build.0 = Release|Any CPU
		{A763978E-04BF-47B9-A014-0588C7A7E76F}.Debug|Any CPU.ActiveCfg = Debug|Any CPU
		{A763978E-04BF-47B9-A014-0588C7A7E76F}.Debug|Any CPU.Build.0 = Debug|Any CPU
		{A763978E-04BF-47B9-A014-0588C7A7E76F}.Debug|x64.ActiveCfg = Debug|Any CPU
		{A763978E-04BF-47B9-A014-0588C7A7E76F}.Debug|x64.Build.0 = Debug|Any CPU
		{A763978E-04BF-47B9-A014-0588C7A7E76F}.Debug|x86.ActiveCfg = Debug|Any CPU
		{A763978E-04BF-47B9-A014-0588C7A7E76F}.Debug|x86.Build.0 = Debug|Any CPU
		{A763978E-04BF-47B9-A014-0588C7A7E76F}.Release|Any CPU.ActiveCfg = Release|Any CPU
		{A763978E-04BF-47B9-A014-0588C7A7E76F}.Release|Any CPU.Build.0 = Release|Any CPU
		{A763978E-04BF-47B9-A014-0588C7A7E76F}.Release|x64.ActiveCfg = Release|Any CPU
		{A763978E-04BF-47B9-A014-0588C7A7E76F}.Release|x64.Build.0 = Release|Any CPU
		{A763978E-04BF-47B9-A014-0588C7A7E76F}.Release|x86.ActiveCfg = Release|Any CPU
		{A763978E-04BF-47B9-A014-0588C7A7E76F}.Release|x86.Build.0 = Release|Any CPU
		{3B6C034E-C999-4CA9-A58C-1EE22E21CF69}.Debug|Any CPU.ActiveCfg = Debug|Any CPU
		{3B6C034E-C999-4CA9-A58C-1EE22E21CF69}.Debug|Any CPU.Build.0 = Debug|Any CPU
		{3B6C034E-C999-4CA9-A58C-1EE22E21CF69}.Debug|x64.ActiveCfg = Debug|Any CPU
		{3B6C034E-C999-4CA9-A58C-1EE22E21CF69}.Debug|x64.Build.0 = Debug|Any CPU
		{3B6C034E-C999-4CA9-A58C-1EE22E21CF69}.Debug|x86.ActiveCfg = Debug|Any CPU
		{3B6C034E-C999-4CA9-A58C-1EE22E21CF69}.Debug|x86.Build.0 = Debug|Any CPU
		{3B6C034E-C999-4CA9-A58C-1EE22E21CF69}.Release|Any CPU.ActiveCfg = Release|Any CPU
		{3B6C034E-C999-4CA9-A58C-1EE22E21CF69}.Release|Any CPU.Build.0 = Release|Any CPU
		{3B6C034E-C999-4CA9-A58C-1EE22E21CF69}.Release|x64.ActiveCfg = Release|Any CPU
		{3B6C034E-C999-4CA9-A58C-1EE22E21CF69}.Release|x64.Build.0 = Release|Any CPU
		{3B6C034E-C999-4CA9-A58C-1EE22E21CF69}.Release|x86.ActiveCfg = Release|Any CPU
		{3B6C034E-C999-4CA9-A58C-1EE22E21CF69}.Release|x86.Build.0 = Release|Any CPU
		{B79A1CF5-7435-4759-B5DF-B705EE21CCA8}.Debug|Any CPU.ActiveCfg = Debug|Any CPU
		{B79A1CF5-7435-4759-B5DF-B705EE21CCA8}.Debug|Any CPU.Build.0 = Debug|Any CPU
		{B79A1CF5-7435-4759-B5DF-B705EE21CCA8}.Debug|x64.ActiveCfg = Debug|Any CPU
		{B79A1CF5-7435-4759-B5DF-B705EE21CCA8}.Debug|x64.Build.0 = Debug|Any CPU
		{B79A1CF5-7435-4759-B5DF-B705EE21CCA8}.Debug|x86.ActiveCfg = Debug|Any CPU
		{B79A1CF5-7435-4759-B5DF-B705EE21CCA8}.Debug|x86.Build.0 = Debug|Any CPU
		{B79A1CF5-7435-4759-B5DF-B705EE21CCA8}.Release|Any CPU.ActiveCfg = Release|Any CPU
		{B79A1CF5-7435-4759-B5DF-B705EE21CCA8}.Release|Any CPU.Build.0 = Release|Any CPU
		{B79A1CF5-7435-4759-B5DF-B705EE21CCA8}.Release|x64.ActiveCfg = Release|Any CPU
		{B79A1CF5-7435-4759-B5DF-B705EE21CCA8}.Release|x64.Build.0 = Release|Any CPU
		{B79A1CF5-7435-4759-B5DF-B705EE21CCA8}.Release|x86.ActiveCfg = Release|Any CPU
		{B79A1CF5-7435-4759-B5DF-B705EE21CCA8}.Release|x86.Build.0 = Release|Any CPU
		{9B1E0987-E50B-4757-9AD6-C9D2A1E2F0CE}.Debug|Any CPU.ActiveCfg = Debug|Any CPU
		{9B1E0987-E50B-4757-9AD6-C9D2A1E2F0CE}.Debug|Any CPU.Build.0 = Debug|Any CPU
		{9B1E0987-E50B-4757-9AD6-C9D2A1E2F0CE}.Debug|x64.ActiveCfg = Debug|Any CPU
		{9B1E0987-E50B-4757-9AD6-C9D2A1E2F0CE}.Debug|x64.Build.0 = Debug|Any CPU
		{9B1E0987-E50B-4757-9AD6-C9D2A1E2F0CE}.Debug|x86.ActiveCfg = Debug|Any CPU
		{9B1E0987-E50B-4757-9AD6-C9D2A1E2F0CE}.Debug|x86.Build.0 = Debug|Any CPU
		{9B1E0987-E50B-4757-9AD6-C9D2A1E2F0CE}.Release|Any CPU.ActiveCfg = Release|Any CPU
		{9B1E0987-E50B-4757-9AD6-C9D2A1E2F0CE}.Release|Any CPU.Build.0 = Release|Any CPU
		{9B1E0987-E50B-4757-9AD6-C9D2A1E2F0CE}.Release|x64.ActiveCfg = Release|Any CPU
		{9B1E0987-E50B-4757-9AD6-C9D2A1E2F0CE}.Release|x64.Build.0 = Release|Any CPU
		{9B1E0987-E50B-4757-9AD6-C9D2A1E2F0CE}.Release|x86.ActiveCfg = Release|Any CPU
		{9B1E0987-E50B-4757-9AD6-C9D2A1E2F0CE}.Release|x86.Build.0 = Release|Any CPU
		{A3A3BE93-64DA-4D63-A75A-C797901BF8BE}.Debug|Any CPU.ActiveCfg = Debug|Any CPU
		{A3A3BE93-64DA-4D63-A75A-C797901BF8BE}.Debug|Any CPU.Build.0 = Debug|Any CPU
		{A3A3BE93-64DA-4D63-A75A-C797901BF8BE}.Debug|x64.ActiveCfg = Debug|Any CPU
		{A3A3BE93-64DA-4D63-A75A-C797901BF8BE}.Debug|x64.Build.0 = Debug|Any CPU
		{A3A3BE93-64DA-4D63-A75A-C797901BF8BE}.Debug|x86.ActiveCfg = Debug|Any CPU
		{A3A3BE93-64DA-4D63-A75A-C797901BF8BE}.Debug|x86.Build.0 = Debug|Any CPU
		{A3A3BE93-64DA-4D63-A75A-C797901BF8BE}.Release|Any CPU.ActiveCfg = Release|Any CPU
		{A3A3BE93-64DA-4D63-A75A-C797901BF8BE}.Release|Any CPU.Build.0 = Release|Any CPU
		{A3A3BE93-64DA-4D63-A75A-C797901BF8BE}.Release|x64.ActiveCfg = Release|Any CPU
		{A3A3BE93-64DA-4D63-A75A-C797901BF8BE}.Release|x64.Build.0 = Release|Any CPU
		{A3A3BE93-64DA-4D63-A75A-C797901BF8BE}.Release|x86.ActiveCfg = Release|Any CPU
		{A3A3BE93-64DA-4D63-A75A-C797901BF8BE}.Release|x86.Build.0 = Release|Any CPU
	EndGlobalSection
	GlobalSection(SolutionProperties) = preSolution
		HideSolutionNode = FALSE
	EndGlobalSection
	GlobalSection(NestedProjects) = preSolution
		{A67BE432-4176-44F4-9C59-107C0612726C} = {9744A791-7AE6-4395-A7D3-7DAEE5670FBC}
		{405CAB67-9F89-42D2-9730-6C953E371073} = {9744A791-7AE6-4395-A7D3-7DAEE5670FBC}
		{A763978E-04BF-47B9-A014-0588C7A7E76F} = {9744A791-7AE6-4395-A7D3-7DAEE5670FBC}
		{3B6C034E-C999-4CA9-A58C-1EE22E21CF69} = {9744A791-7AE6-4395-A7D3-7DAEE5670FBC}
		{B79A1CF5-7435-4759-B5DF-B705EE21CCA8} = {8836BB26-0432-47C9-9A8D-B23222316DDD}
		{9B1E0987-E50B-4757-9AD6-C9D2A1E2F0CE} = {8836BB26-0432-47C9-9A8D-B23222316DDD}
		{A3A3BE93-64DA-4D63-A75A-C797901BF8BE} = {9744A791-7AE6-4395-A7D3-7DAEE5670FBC}
	EndGlobalSection
EndGlobal
